
Microsoft Visual Studio Solution File, Format Version 12.00
# Visual Studio 15
VisualStudioVersion = 15.0.26730.16
MinimumVisualStudioVersion = 10.0.40219.1
Project("{FAE04EC0-301F-11D3-BF4B-00C04F79EFBC}") = "Frontend", "Frontend\Frontend.csproj", "{17FEA149-6981-4FDB-A685-3530BF5C876F}"
EndProject
Project("{FAE04EC0-301F-11D3-BF4B-00C04F79EFBC}") = "Kosinski", "Kosinski\Kosinski.csproj", "{57DC1B51-9D00-49E3-9D72-2AA53AA97F8F}"
EndProject
Project("{FAE04EC0-301F-11D3-BF4B-00C04F79EFBC}") = "Common", "Common\Common.csproj", "{2A97FB96-68CF-4DF8-BEF7-BF14ECDDE629}"
EndProject
Project("{FAE04EC0-301F-11D3-BF4B-00C04F79EFBC}") = "Tests", "Tests\Tests.csproj", "{F8BBC1C5-9CBF-4B0D-AB6F-2D693E7B7F92}"
EndProject
Project("{FAE04EC0-301F-11D3-BF4B-00C04F79EFBC}") = "Nemesis", "Nemesis\Nemesis.csproj", "{CF04DFA4-606B-48E6-B43A-4948C98E8740}"
EndProject
Project("{FAE04EC0-301F-11D3-BF4B-00C04F79EFBC}") = "Enigma", "Enigma\Enigma.csproj", "{8CF574E9-61B2-4185-85D0-308CC3C116BF}"
EndProject
Project("{FAE04EC0-301F-11D3-BF4B-00C04F79EFBC}") = "Saxman", "Saxman\Saxman.csproj", "{2BB00C68-FAAB-443D-95D4-EEBEB26AE69C}"
EndProject
Project("{FAE04EC0-301F-11D3-BF4B-00C04F79EFBC}") = "KENSSharp", "KensSharp\KENSSharp.csproj", "{35828BBE-E98B-43F2-9136-846ED6C2BF4D}"
EndProject
Project("{2150E333-8FDC-42A3-9474-1A3956D46DE8}") = ".nuget", ".nuget", "{AC492ED3-4907-475B-93EA-C3F96EAB0FB4}"
	ProjectSection(SolutionItems) = preProject
		.nuget\packages.config = .nuget\packages.config
	EndProjectSection
EndProject
Project("{FAE04EC0-301F-11D3-BF4B-00C04F79EFBC}") = "Comper", "Comper\Comper.csproj", "{816FC40D-A6E6-468D-BC59-5EB6604DE4F1}"
EndProject
Project("{8BC9CEB8-8B4A-11D0-8D11-00A0C91BC942}") = "KensSharpShellExt", "KensSharpShellExt\KensSharpShellExt.vcxproj", "{31EF6DA6-87F9-4D50-B0D7-DC9AC7267DD7}"
EndProject
Project("{FAE04EC0-301F-11D3-BF4B-00C04F79EFBC}") = "Kosinski+", "Kosinski+\Kosinski+.csproj", "{03CB2911-CF66-4709-96FF-ADFF25F0FEE9}"
EndProject
Global
	GlobalSection(SolutionConfigurationPlatforms) = preSolution
		Debug|Any CPU = Debug|Any CPU
		Debug|x64 = Debug|x64
		Debug|x86 = Debug|x86
		Release|Any CPU = Release|Any CPU
		Release|x64 = Release|x64
		Release|x86 = Release|x86
	EndGlobalSection
	GlobalSection(ProjectConfigurationPlatforms) = postSolution
		{17FEA149-6981-4FDB-A685-3530BF5C876F}.Debug|Any CPU.ActiveCfg = Debug|Any CPU
		{17FEA149-6981-4FDB-A685-3530BF5C876F}.Debug|Any CPU.Build.0 = Debug|Any CPU
		{17FEA149-6981-4FDB-A685-3530BF5C876F}.Debug|x64.ActiveCfg = Debug|Any CPU
		{17FEA149-6981-4FDB-A685-3530BF5C876F}.Debug|x64.Build.0 = Debug|Any CPU
		{17FEA149-6981-4FDB-A685-3530BF5C876F}.Debug|x86.ActiveCfg = Debug|Any CPU
		{17FEA149-6981-4FDB-A685-3530BF5C876F}.Debug|x86.Build.0 = Debug|Any CPU
		{17FEA149-6981-4FDB-A685-3530BF5C876F}.Release|Any CPU.ActiveCfg = Release|Any CPU
		{17FEA149-6981-4FDB-A685-3530BF5C876F}.Release|Any CPU.Build.0 = Release|Any CPU
		{17FEA149-6981-4FDB-A685-3530BF5C876F}.Release|x64.ActiveCfg = Release|Any CPU
		{17FEA149-6981-4FDB-A685-3530BF5C876F}.Release|x64.Build.0 = Release|Any CPU
		{17FEA149-6981-4FDB-A685-3530BF5C876F}.Release|x86.ActiveCfg = Release|Any CPU
		{17FEA149-6981-4FDB-A685-3530BF5C876F}.Release|x86.Build.0 = Release|Any CPU
		{57DC1B51-9D00-49E3-9D72-2AA53AA97F8F}.Debug|Any CPU.ActiveCfg = Debug|Any CPU
		{57DC1B51-9D00-49E3-9D72-2AA53AA97F8F}.Debug|Any CPU.Build.0 = Debug|Any CPU
		{57DC1B51-9D00-49E3-9D72-2AA53AA97F8F}.Debug|x64.ActiveCfg = Debug|Any CPU
		{57DC1B51-9D00-49E3-9D72-2AA53AA97F8F}.Debug|x64.Build.0 = Debug|Any CPU
		{57DC1B51-9D00-49E3-9D72-2AA53AA97F8F}.Debug|x86.ActiveCfg = Debug|Any CPU
		{57DC1B51-9D00-49E3-9D72-2AA53AA97F8F}.Debug|x86.Build.0 = Debug|Any CPU
		{57DC1B51-9D00-49E3-9D72-2AA53AA97F8F}.Release|Any CPU.ActiveCfg = Release|Any CPU
		{57DC1B51-9D00-49E3-9D72-2AA53AA97F8F}.Release|Any CPU.Build.0 = Release|Any CPU
		{57DC1B51-9D00-49E3-9D72-2AA53AA97F8F}.Release|x64.ActiveCfg = Release|Any CPU
		{57DC1B51-9D00-49E3-9D72-2AA53AA97F8F}.Release|x64.Build.0 = Release|Any CPU
		{57DC1B51-9D00-49E3-9D72-2AA53AA97F8F}.Release|x86.ActiveCfg = Release|Any CPU
		{57DC1B51-9D00-49E3-9D72-2AA53AA97F8F}.Release|x86.Build.0 = Release|Any CPU
		{2A97FB96-68CF-4DF8-BEF7-BF14ECDDE629}.Debug|Any CPU.ActiveCfg = Debug|Any CPU
		{2A97FB96-68CF-4DF8-BEF7-BF14ECDDE629}.Debug|Any CPU.Build.0 = Debug|Any CPU
		{2A97FB96-68CF-4DF8-BEF7-BF14ECDDE629}.Debug|x64.ActiveCfg = Debug|Any CPU
		{2A97FB96-68CF-4DF8-BEF7-BF14ECDDE629}.Debug|x64.Build.0 = Debug|Any CPU
		{2A97FB96-68CF-4DF8-BEF7-BF14ECDDE629}.Debug|x86.ActiveCfg = Debug|Any CPU
		{2A97FB96-68CF-4DF8-BEF7-BF14ECDDE629}.Debug|x86.Build.0 = Debug|Any CPU
		{2A97FB96-68CF-4DF8-BEF7-BF14ECDDE629}.Release|Any CPU.ActiveCfg = Release|Any CPU
		{2A97FB96-68CF-4DF8-BEF7-BF14ECDDE629}.Release|Any CPU.Build.0 = Release|Any CPU
		{2A97FB96-68CF-4DF8-BEF7-BF14ECDDE629}.Release|x64.ActiveCfg = Release|Any CPU
		{2A97FB96-68CF-4DF8-BEF7-BF14ECDDE629}.Release|x64.Build.0 = Release|Any CPU
		{2A97FB96-68CF-4DF8-BEF7-BF14ECDDE629}.Release|x86.ActiveCfg = Release|Any CPU
		{2A97FB96-68CF-4DF8-BEF7-BF14ECDDE629}.Release|x86.Build.0 = Release|Any CPU
		{F8BBC1C5-9CBF-4B0D-AB6F-2D693E7B7F92}.Debug|Any CPU.ActiveCfg = Debug|Any CPU
		{F8BBC1C5-9CBF-4B0D-AB6F-2D693E7B7F92}.Debug|Any CPU.Build.0 = Debug|Any CPU
		{F8BBC1C5-9CBF-4B0D-AB6F-2D693E7B7F92}.Debug|x64.ActiveCfg = Debug|Any CPU
		{F8BBC1C5-9CBF-4B0D-AB6F-2D693E7B7F92}.Debug|x64.Build.0 = Debug|Any CPU
		{F8BBC1C5-9CBF-4B0D-AB6F-2D693E7B7F92}.Debug|x86.ActiveCfg = Debug|Any CPU
		{F8BBC1C5-9CBF-4B0D-AB6F-2D693E7B7F92}.Debug|x86.Build.0 = Debug|Any CPU
		{F8BBC1C5-9CBF-4B0D-AB6F-2D693E7B7F92}.Release|Any CPU.ActiveCfg = Release|Any CPU
		{F8BBC1C5-9CBF-4B0D-AB6F-2D693E7B7F92}.Release|Any CPU.Build.0 = Release|Any CPU
		{F8BBC1C5-9CBF-4B0D-AB6F-2D693E7B7F92}.Release|x64.ActiveCfg = Release|Any CPU
		{F8BBC1C5-9CBF-4B0D-AB6F-2D693E7B7F92}.Release|x64.Build.0 = Release|Any CPU
		{F8BBC1C5-9CBF-4B0D-AB6F-2D693E7B7F92}.Release|x86.ActiveCfg = Release|Any CPU
		{F8BBC1C5-9CBF-4B0D-AB6F-2D693E7B7F92}.Release|x86.Build.0 = Release|Any CPU
		{CF04DFA4-606B-48E6-B43A-4948C98E8740}.Debug|Any CPU.ActiveCfg = Debug|Any CPU
		{CF04DFA4-606B-48E6-B43A-4948C98E8740}.Debug|Any CPU.Build.0 = Debug|Any CPU
		{CF04DFA4-606B-48E6-B43A-4948C98E8740}.Debug|x64.ActiveCfg = Debug|Any CPU
		{CF04DFA4-606B-48E6-B43A-4948C98E8740}.Debug|x64.Build.0 = Debug|Any CPU
		{CF04DFA4-606B-48E6-B43A-4948C98E8740}.Debug|x86.ActiveCfg = Debug|Any CPU
		{CF04DFA4-606B-48E6-B43A-4948C98E8740}.Debug|x86.Build.0 = Debug|Any CPU
		{CF04DFA4-606B-48E6-B43A-4948C98E8740}.Release|Any CPU.ActiveCfg = Release|Any CPU
		{CF04DFA4-606B-48E6-B43A-4948C98E8740}.Release|Any CPU.Build.0 = Release|Any CPU
		{CF04DFA4-606B-48E6-B43A-4948C98E8740}.Release|x64.ActiveCfg = Release|Any CPU
		{CF04DFA4-606B-48E6-B43A-4948C98E8740}.Release|x64.Build.0 = Release|Any CPU
		{CF04DFA4-606B-48E6-B43A-4948C98E8740}.Release|x86.ActiveCfg = Release|Any CPU
		{CF04DFA4-606B-48E6-B43A-4948C98E8740}.Release|x86.Build.0 = Release|Any CPU
		{8CF574E9-61B2-4185-85D0-308CC3C116BF}.Debug|Any CPU.ActiveCfg = Debug|Any CPU
		{8CF574E9-61B2-4185-85D0-308CC3C116BF}.Debug|Any CPU.Build.0 = Debug|Any CPU
		{8CF574E9-61B2-4185-85D0-308CC3C116BF}.Debug|x64.ActiveCfg = Debug|Any CPU
		{8CF574E9-61B2-4185-85D0-308CC3C116BF}.Debug|x64.Build.0 = Debug|Any CPU
		{8CF574E9-61B2-4185-85D0-308CC3C116BF}.Debug|x86.ActiveCfg = Debug|Any CPU
		{8CF574E9-61B2-4185-85D0-308CC3C116BF}.Debug|x86.Build.0 = Debug|Any CPU
		{8CF574E9-61B2-4185-85D0-308CC3C116BF}.Release|Any CPU.ActiveCfg = Release|Any CPU
		{8CF574E9-61B2-4185-85D0-308CC3C116BF}.Release|Any CPU.Build.0 = Release|Any CPU
		{8CF574E9-61B2-4185-85D0-308CC3C116BF}.Release|x64.ActiveCfg = Release|Any CPU
		{8CF574E9-61B2-4185-85D0-308CC3C116BF}.Release|x64.Build.0 = Release|Any CPU
		{8CF574E9-61B2-4185-85D0-308CC3C116BF}.Release|x86.ActiveCfg = Release|Any CPU
		{8CF574E9-61B2-4185-85D0-308CC3C116BF}.Release|x86.Build.0 = Release|Any CPU
		{2BB00C68-FAAB-443D-95D4-EEBEB26AE69C}.Debug|Any CPU.ActiveCfg = Debug|Any CPU
		{2BB00C68-FAAB-443D-95D4-EEBEB26AE69C}.Debug|Any CPU.Build.0 = Debug|Any CPU
		{2BB00C68-FAAB-443D-95D4-EEBEB26AE69C}.Debug|x64.ActiveCfg = Debug|Any CPU
		{2BB00C68-FAAB-443D-95D4-EEBEB26AE69C}.Debug|x64.Build.0 = Debug|Any CPU
		{2BB00C68-FAAB-443D-95D4-EEBEB26AE69C}.Debug|x86.ActiveCfg = Debug|Any CPU
		{2BB00C68-FAAB-443D-95D4-EEBEB26AE69C}.Debug|x86.Build.0 = Debug|Any CPU
		{2BB00C68-FAAB-443D-95D4-EEBEB26AE69C}.Release|Any CPU.ActiveCfg = Release|Any CPU
		{2BB00C68-FAAB-443D-95D4-EEBEB26AE69C}.Release|Any CPU.Build.0 = Release|Any CPU
		{2BB00C68-FAAB-443D-95D4-EEBEB26AE69C}.Release|x64.ActiveCfg = Release|Any CPU
		{2BB00C68-FAAB-443D-95D4-EEBEB26AE69C}.Release|x64.Build.0 = Release|Any CPU
		{2BB00C68-FAAB-443D-95D4-EEBEB26AE69C}.Release|x86.ActiveCfg = Release|Any CPU
		{2BB00C68-FAAB-443D-95D4-EEBEB26AE69C}.Release|x86.Build.0 = Release|Any CPU
		{35828BBE-E98B-43F2-9136-846ED6C2BF4D}.Debug|Any CPU.ActiveCfg = Debug|Any CPU
		{35828BBE-E98B-43F2-9136-846ED6C2BF4D}.Debug|Any CPU.Build.0 = Debug|Any CPU
		{35828BBE-E98B-43F2-9136-846ED6C2BF4D}.Debug|x64.ActiveCfg = Debug|Any CPU
		{35828BBE-E98B-43F2-9136-846ED6C2BF4D}.Debug|x64.Build.0 = Debug|Any CPU
		{35828BBE-E98B-43F2-9136-846ED6C2BF4D}.Debug|x86.ActiveCfg = Debug|Any CPU
		{35828BBE-E98B-43F2-9136-846ED6C2BF4D}.Debug|x86.Build.0 = Debug|Any CPU
		{35828BBE-E98B-43F2-9136-846ED6C2BF4D}.Release|Any CPU.ActiveCfg = Release|Any CPU
		{35828BBE-E98B-43F2-9136-846ED6C2BF4D}.Release|Any CPU.Build.0 = Release|Any CPU
		{35828BBE-E98B-43F2-9136-846ED6C2BF4D}.Release|x64.ActiveCfg = Release|Any CPU
		{35828BBE-E98B-43F2-9136-846ED6C2BF4D}.Release|x64.Build.0 = Release|Any CPU
		{35828BBE-E98B-43F2-9136-846ED6C2BF4D}.Release|x86.ActiveCfg = Release|Any CPU
		{35828BBE-E98B-43F2-9136-846ED6C2BF4D}.Release|x86.Build.0 = Release|Any CPU
		{816FC40D-A6E6-468D-BC59-5EB6604DE4F1}.Debug|Any CPU.ActiveCfg = Debug|Any CPU
		{816FC40D-A6E6-468D-BC59-5EB6604DE4F1}.Debug|Any CPU.Build.0 = Debug|Any CPU
		{816FC40D-A6E6-468D-BC59-5EB6604DE4F1}.Debug|x64.ActiveCfg = Debug|Any CPU
		{816FC40D-A6E6-468D-BC59-5EB6604DE4F1}.Debug|x64.Build.0 = Debug|Any CPU
		{816FC40D-A6E6-468D-BC59-5EB6604DE4F1}.Debug|x86.ActiveCfg = Debug|Any CPU
		{816FC40D-A6E6-468D-BC59-5EB6604DE4F1}.Debug|x86.Build.0 = Debug|Any CPU
		{816FC40D-A6E6-468D-BC59-5EB6604DE4F1}.Release|Any CPU.ActiveCfg = Release|Any CPU
		{816FC40D-A6E6-468D-BC59-5EB6604DE4F1}.Release|Any CPU.Build.0 = Release|Any CPU
		{816FC40D-A6E6-468D-BC59-5EB6604DE4F1}.Release|x64.ActiveCfg = Release|Any CPU
		{816FC40D-A6E6-468D-BC59-5EB6604DE4F1}.Release|x64.Build.0 = Release|Any CPU
		{816FC40D-A6E6-468D-BC59-5EB6604DE4F1}.Release|x86.ActiveCfg = Release|Any CPU
		{816FC40D-A6E6-468D-BC59-5EB6604DE4F1}.Release|x86.Build.0 = Release|Any CPU
		{31EF6DA6-87F9-4D50-B0D7-DC9AC7267DD7}.Debug|Any CPU.ActiveCfg = Debug|Win32
		{31EF6DA6-87F9-4D50-B0D7-DC9AC7267DD7}.Debug|x64.ActiveCfg = Debug|x64
		{31EF6DA6-87F9-4D50-B0D7-DC9AC7267DD7}.Debug|x64.Build.0 = Debug|x64
		{31EF6DA6-87F9-4D50-B0D7-DC9AC7267DD7}.Debug|x86.ActiveCfg = Debug|Win32
		{31EF6DA6-87F9-4D50-B0D7-DC9AC7267DD7}.Debug|x86.Build.0 = Debug|Win32
		{31EF6DA6-87F9-4D50-B0D7-DC9AC7267DD7}.Release|Any CPU.ActiveCfg = Release|Win32
		{31EF6DA6-87F9-4D50-B0D7-DC9AC7267DD7}.Release|x64.ActiveCfg = Release|x64
		{31EF6DA6-87F9-4D50-B0D7-DC9AC7267DD7}.Release|x64.Build.0 = Release|x64
		{31EF6DA6-87F9-4D50-B0D7-DC9AC7267DD7}.Release|x86.ActiveCfg = Release|Win32
		{31EF6DA6-87F9-4D50-B0D7-DC9AC7267DD7}.Release|x86.Build.0 = Release|Win32
		{03CB2911-CF66-4709-96FF-ADFF25F0FEE9}.Debug|Any CPU.ActiveCfg = Debug|Any CPU
		{03CB2911-CF66-4709-96FF-ADFF25F0FEE9}.Debug|Any CPU.Build.0 = Debug|Any CPU
		{03CB2911-CF66-4709-96FF-ADFF25F0FEE9}.Debug|x64.ActiveCfg = Debug|Any CPU
		{03CB2911-CF66-4709-96FF-ADFF25F0FEE9}.Debug|x64.Build.0 = Debug|Any CPU
		{03CB2911-CF66-4709-96FF-ADFF25F0FEE9}.Debug|x86.ActiveCfg = Debug|Any CPU
		{03CB2911-CF66-4709-96FF-ADFF25F0FEE9}.Debug|x86.Build.0 = Debug|Any CPU
		{03CB2911-CF66-4709-96FF-ADFF25F0FEE9}.Release|Any CPU.ActiveCfg = Release|Any CPU
		{03CB2911-CF66-4709-96FF-ADFF25F0FEE9}.Release|Any CPU.Build.0 = Release|Any CPU
		{03CB2911-CF66-4709-96FF-ADFF25F0FEE9}.Release|x64.ActiveCfg = Release|Any CPU
		{03CB2911-CF66-4709-96FF-ADFF25F0FEE9}.Release|x64.Build.0 = Release|Any CPU
		{03CB2911-CF66-4709-96FF-ADFF25F0FEE9}.Release|x86.ActiveCfg = Release|Any CPU
		{03CB2911-CF66-4709-96FF-ADFF25F0FEE9}.Release|x86.Build.0 = Release|Any CPU
	EndGlobalSection
	GlobalSection(SolutionProperties) = preSolution
		HideSolutionNode = FALSE
	EndGlobalSection
	GlobalSection(ExtensibilityGlobals) = postSolution
		SolutionGuid = {38F1D2A0-1200-49E0-B4D5-CC644598562B}
	EndGlobalSection
EndGlobal
